
Microsoft Visual Studio Solution File, Format Version 12.00
# Visual Studio 15
VisualStudioVersion = 15.0.28010.2048
MinimumVisualStudioVersion = 10.0.40219.1
Project("{8BC9CEB8-8B4A-11D0-8D11-00A0C91BC942}") = "v2_for_producing_data", "v2_for_producing_data\v2_for_producing_data.vcxproj", "{5AE772AA-F2FD-47E4-BB3A-7DBAB20E7E3C}"
EndProject
Global
	GlobalSection(SolutionConfigurationPlatforms) = preSolution
		Debug|x64 = Debug|x64
		Debug|x86 = Debug|x86
		Release|x64 = Release|x64
		Release|x86 = Release|x86
	EndGlobalSection
	GlobalSection(ProjectConfigurationPlatforms) = postSolution
		{5AE772AA-F2FD-47E4-BB3A-7DBAB20E7E3C}.Debug|x64.ActiveCfg = Debug|x64
		{5AE772AA-F2FD-47E4-BB3A-7DBAB20E7E3C}.Debug|x64.Build.0 = Debug|x64
		{5AE772AA-F2FD-47E4-BB3A-7DBAB20E7E3C}.Debug|x86.ActiveCfg = Debug|Win32
		{5AE772AA-F2FD-47E4-BB3A-7DBAB20E7E3C}.Debug|x86.Build.0 = Debug|Win32
		{5AE772AA-F2FD-47E4-BB3A-7DBAB20E7E3C}.Release|x64.ActiveCfg = Release|x64
		{5AE772AA-F2FD-47E4-BB3A-7DBAB20E7E3C}.Release|x64.Build.0 = Release|x64
		{5AE772AA-F2FD-47E4-BB3A-7DBAB20E7E3C}.Release|x86.ActiveCfg = Release|Win32
		{5AE772AA-F2FD-47E4-BB3A-7DBAB20E7E3C}.Release|x86.Build.0 = Release|Win32
	EndGlobalSection
	GlobalSection(SolutionProperties) = preSolution
		HideSolutionNode = FALSE
	EndGlobalSection
	GlobalSection(ExtensibilityGlobals) = postSolution
		SolutionGuid = {C46B46F4-1579-4B1D-9C8D-08B1179B7260}
	EndGlobalSection
EndGlobal
